
Microsoft Visual Studio Solution File, Format Version 12.00
# Visual Studio 15
VisualStudioVersion = 15.0.28307.1267
MinimumVisualStudioVersion = 10.0.40219.1
Project("{FAE04EC0-301F-11D3-BF4B-00C04F79EFBC}") = "OpgaveGUIAfsluttende", "OpgaveGUIAfsluttende\OpgaveGUIAfsluttende.csproj", "{45185FA7-522F-4F69-AA68-BD823AACBA42}"
EndProject
Project("{9A19103F-16F7-4668-BE54-9A1E7A4F7556}") = "CLBL", "CLBL\CLBL.csproj", "{9D613493-D0AE-4361-A60E-6A0C9B9D1754}"
EndProject
Project("{9A19103F-16F7-4668-BE54-9A1E7A4F7556}") = "CLDB", "CLDB\CLDB.csproj", "{38EAC93C-5FE7-48EC-903B-DC29E9DCCD30}"
EndProject
Project("{FAE04EC0-301F-11D3-BF4B-00C04F79EFBC}") = "CLModels", "CLModels\CLModels.csproj", "{439D6303-A2E8-435F-9A01-0EE492C47F88}"
EndProject
Project("{FAE04EC0-301F-11D3-BF4B-00C04F79EFBC}") = "CLValidator", "CLValidator\CLValidator.csproj", "{FA38A375-EACF-4F03-9A5C-4FE66438022E}"
EndProject
Global
	GlobalSection(SolutionConfigurationPlatforms) = preSolution
		Debug|Any CPU = Debug|Any CPU
		Release|Any CPU = Release|Any CPU
	EndGlobalSection
	GlobalSection(ProjectConfigurationPlatforms) = postSolution
		{45185FA7-522F-4F69-AA68-BD823AACBA42}.Debug|Any CPU.ActiveCfg = Debug|Any CPU
		{45185FA7-522F-4F69-AA68-BD823AACBA42}.Debug|Any CPU.Build.0 = Debug|Any CPU
		{45185FA7-522F-4F69-AA68-BD823AACBA42}.Release|Any CPU.ActiveCfg = Release|Any CPU
		{45185FA7-522F-4F69-AA68-BD823AACBA42}.Release|Any CPU.Build.0 = Release|Any CPU
		{9D613493-D0AE-4361-A60E-6A0C9B9D1754}.Debug|Any CPU.ActiveCfg = Debug|Any CPU
		{9D613493-D0AE-4361-A60E-6A0C9B9D1754}.Debug|Any CPU.Build.0 = Debug|Any CPU
		{9D613493-D0AE-4361-A60E-6A0C9B9D1754}.Release|Any CPU.ActiveCfg = Release|Any CPU
		{9D613493-D0AE-4361-A60E-6A0C9B9D1754}.Release|Any CPU.Build.0 = Release|Any CPU
		{38EAC93C-5FE7-48EC-903B-DC29E9DCCD30}.Debug|Any CPU.ActiveCfg = Debug|Any CPU
		{38EAC93C-5FE7-48EC-903B-DC29E9DCCD30}.Debug|Any CPU.Build.0 = Debug|Any CPU
		{38EAC93C-5FE7-48EC-903B-DC29E9DCCD30}.Release|Any CPU.ActiveCfg = Release|Any CPU
		{38EAC93C-5FE7-48EC-903B-DC29E9DCCD30}.Release|Any CPU.Build.0 = Release|Any CPU
		{439D6303-A2E8-435F-9A01-0EE492C47F88}.Debug|Any CPU.ActiveCfg = Debug|Any CPU
		{439D6303-A2E8-435F-9A01-0EE492C47F88}.Debug|Any CPU.Build.0 = Debug|Any CPU
		{439D6303-A2E8-435F-9A01-0EE492C47F88}.Release|Any CPU.ActiveCfg = Release|Any CPU
		{439D6303-A2E8-435F-9A01-0EE492C47F88}.Release|Any CPU.Build.0 = Release|Any CPU
		{FA38A375-EACF-4F03-9A5C-4FE66438022E}.Debug|Any CPU.ActiveCfg = Debug|Any CPU
		{FA38A375-EACF-4F03-9A5C-4FE66438022E}.Debug|Any CPU.Build.0 = Debug|Any CPU
		{FA38A375-EACF-4F03-9A5C-4FE66438022E}.Release|Any CPU.ActiveCfg = Release|Any CPU
		{FA38A375-EACF-4F03-9A5C-4FE66438022E}.Release|Any CPU.Build.0 = Release|Any CPU
	EndGlobalSection
	GlobalSection(SolutionProperties) = preSolution
		HideSolutionNode = FALSE
	EndGlobalSection
	GlobalSection(ExtensibilityGlobals) = postSolution
		SolutionGuid = {0A329524-D1A3-4AE5-8CF8-FBD37C56D67F}
	EndGlobalSection
EndGlobal
